// !$*UTF8*$!
{
	archiveVersion = 1;
	classes = {
	};
	objectVersion = 46;
	objects = {

/* Begin PBXBuildFile section */
		E3581EA71C521312006C8D78 /* Date.swift in Sources */ = {isa = PBXBuildFile; fileRef = E3581EA61C521312006C8D78 /* Date.swift */; };
		E3581ECA1C524AE1006C8D78 /* AgendaViewController.swift in Sources */ = {isa = PBXBuildFile; fileRef = E3581EC91C524AE1006C8D78 /* AgendaViewController.swift */; };
		E3581ECC1C528FC9006C8D78 /* CalenderViewController.swift in Sources */ = {isa = PBXBuildFile; fileRef = E3581ECB1C528FC9006C8D78 /* CalenderViewController.swift */; };
		E3879D8D1C57F69900424389 /* TableCellView.swift in Sources */ = {isa = PBXBuildFile; fileRef = E3879D8C1C57F69900424389 /* TableCellView.swift */; };
		E3879D941C587B6C00424389 /* Logger.swift in Sources */ = {isa = PBXBuildFile; fileRef = E3879D931C587B6C00424389 /* Logger.swift */; };
		E39D90541C569B490030E875 /* OptionsViewController.swift in Sources */ = {isa = PBXBuildFile; fileRef = E39D90531C569B490030E875 /* OptionsViewController.swift */; };
		E3A92A701C60755C002B72FB /* AFDateExtension.swift in Sources */ = {isa = PBXBuildFile; fileRef = E3A92A6E1C60755C002B72FB /* AFDateExtension.swift */; };
		E3A92A711C60755C002B72FB /* XCGLogger.swift in Sources */ = {isa = PBXBuildFile; fileRef = E3A92A6F1C60755C002B72FB /* XCGLogger.swift */; };
		E3A92A731C60C19E002B72FB /* CollectionLayout.swift in Sources */ = {isa = PBXBuildFile; fileRef = E3A92A721C60C19E002B72FB /* CollectionLayout.swift */; };
		E3AC7C5A1C4E34CA00606DA1 /* AppDelegate.swift in Sources */ = {isa = PBXBuildFile; fileRef = E3AC7C591C4E34CA00606DA1 /* AppDelegate.swift */; };
		E3AC7C5C1C4E34CA00606DA1 /* ViewController.swift in Sources */ = {isa = PBXBuildFile; fileRef = E3AC7C5B1C4E34CA00606DA1 /* ViewController.swift */; };
		E3AC7C5F1C4E34CA00606DA1 /* Main.storyboard in Resources */ = {isa = PBXBuildFile; fileRef = E3AC7C5D1C4E34CA00606DA1 /* Main.storyboard */; };
		E3AC7C641C4E34CA00606DA1 /* Assets.xcassets in Resources */ = {isa = PBXBuildFile; fileRef = E3AC7C631C4E34CA00606DA1 /* Assets.xcassets */; };
		E3AC7C671C4E34CA00606DA1 /* LaunchScreen.storyboard in Resources */ = {isa = PBXBuildFile; fileRef = E3AC7C651C4E34CA00606DA1 /* LaunchScreen.storyboard */; };
		E3AC7CA11C4F914100606DA1 /* CollectionViewCells.swift in Sources */ = {isa = PBXBuildFile; fileRef = E3AC7CA01C4F914100606DA1 /* CollectionViewCells.swift */; };
		E3AC7CAC1C4FBD5F00606DA1 /* Color.swift in Sources */ = {isa = PBXBuildFile; fileRef = E3AC7CAB1C4FBD5F00606DA1 /* Color.swift */; };
/* End PBXBuildFile section */

/* Begin PBXFileReference section */
		E3581EA61C521312006C8D78 /* Date.swift */ = {isa = PBXFileReference; fileEncoding = 4; lastKnownFileType = sourcecode.swift; path = Date.swift; sourceTree = "<group>"; };
		E3581EC91C524AE1006C8D78 /* AgendaViewController.swift */ = {isa = PBXFileReference; fileEncoding = 4; lastKnownFileType = sourcecode.swift; path = AgendaViewController.swift; sourceTree = "<group>"; };
		E3581ECB1C528FC9006C8D78 /* CalenderViewController.swift */ = {isa = PBXFileReference; fileEncoding = 4; lastKnownFileType = sourcecode.swift; path = CalenderViewController.swift; sourceTree = "<group>"; };
		E3879D8C1C57F69900424389 /* TableCellView.swift */ = {isa = PBXFileReference; fileEncoding = 4; lastKnownFileType = sourcecode.swift; path = TableCellView.swift; sourceTree = "<group>"; };
		E3879D931C587B6C00424389 /* Logger.swift */ = {isa = PBXFileReference; fileEncoding = 4; lastKnownFileType = sourcecode.swift; path = Logger.swift; sourceTree = "<group>"; };
		E39D90511C5692E80030E875 /* README.md */ = {isa = PBXFileReference; fileEncoding = 4; lastKnownFileType = net.daringfireball.markdown; path = README.md; sourceTree = SOURCE_ROOT; };
		E39D90531C569B490030E875 /* OptionsViewController.swift */ = {isa = PBXFileReference; fileEncoding = 4; lastKnownFileType = sourcecode.swift; path = OptionsViewController.swift; sourceTree = "<group>"; };
		E39D90581C575B210030E875 /* screenshot1.PNG */ = {isa = PBXFileReference; lastKnownFileType = image.png; name = screenshot1.PNG; path = Other/screenshot1.PNG; sourceTree = SOURCE_ROOT; };
		E39D90591C575B210030E875 /* screenshot2.png */ = {isa = PBXFileReference; lastKnownFileType = image.png; name = screenshot2.png; path = Other/screenshot2.png; sourceTree = SOURCE_ROOT; };
		E3A92A6E1C60755C002B72FB /* AFDateExtension.swift */ = {isa = PBXFileReference; fileEncoding = 4; lastKnownFileType = sourcecode.swift; name = AFDateExtension.swift; path = lib/AFDateExtension.swift; sourceTree = "<group>"; };
		E3A92A6F1C60755C002B72FB /* XCGLogger.swift */ = {isa = PBXFileReference; fileEncoding = 4; lastKnownFileType = sourcecode.swift; name = XCGLogger.swift; path = lib/XCGLogger.swift; sourceTree = "<group>"; };
		E3A92A721C60C19E002B72FB /* CollectionLayout.swift */ = {isa = PBXFileReference; fileEncoding = 4; lastKnownFileType = sourcecode.swift; path = CollectionLayout.swift; sourceTree = "<group>"; };
		E3AC7C561C4E34CA00606DA1 /* Moon.app */ = {isa = PBXFileReference; explicitFileType = wrapper.application; includeInIndex = 0; path = Moon.app; sourceTree = BUILT_PRODUCTS_DIR; };
		E3AC7C591C4E34CA00606DA1 /* AppDelegate.swift */ = {isa = PBXFileReference; lastKnownFileType = sourcecode.swift; path = AppDelegate.swift; sourceTree = "<group>"; };
		E3AC7C5B1C4E34CA00606DA1 /* ViewController.swift */ = {isa = PBXFileReference; lastKnownFileType = sourcecode.swift; path = ViewController.swift; sourceTree = "<group>"; };
		E3AC7C5E1C4E34CA00606DA1 /* Base */ = {isa = PBXFileReference; lastKnownFileType = file.storyboard; name = Base; path = Base.lproj/Main.storyboard; sourceTree = "<group>"; };
		E3AC7C631C4E34CA00606DA1 /* Assets.xcassets */ = {isa = PBXFileReference; lastKnownFileType = folder.assetcatalog; path = Assets.xcassets; sourceTree = "<group>"; };
		E3AC7C661C4E34CA00606DA1 /* Base */ = {isa = PBXFileReference; lastKnownFileType = file.storyboard; name = Base; path = Base.lproj/LaunchScreen.storyboard; sourceTree = "<group>"; };
		E3AC7C681C4E34CA00606DA1 /* Info.plist */ = {isa = PBXFileReference; lastKnownFileType = text.plist.xml; path = Info.plist; sourceTree = "<group>"; };
		E3AC7CA01C4F914100606DA1 /* CollectionViewCells.swift */ = {isa = PBXFileReference; fileEncoding = 4; lastKnownFileType = sourcecode.swift; path = CollectionViewCells.swift; sourceTree = "<group>"; };
		E3AC7CAB1C4FBD5F00606DA1 /* Color.swift */ = {isa = PBXFileReference; fileEncoding = 4; lastKnownFileType = sourcecode.swift; path = Color.swift; sourceTree = "<group>"; };
/* End PBXFileReference section */

/* Begin PBXFrameworksBuildPhase section */
		E3AC7C531C4E34CA00606DA1 /* Frameworks */ = {
			isa = PBXFrameworksBuildPhase;
			buildActionMask = 2147483647;
			files = (
			);
			runOnlyForDeploymentPostprocessing = 0;
		};
/* End PBXFrameworksBuildPhase section */

/* Begin PBXGroup section */
		E3581EA81C5231F9006C8D78 /* Extensions */ = {
			isa = PBXGroup;
			children = (
				E3AC7CAB1C4FBD5F00606DA1 /* Color.swift */,
				E3581EA61C521312006C8D78 /* Date.swift */,
			);
			name = Extensions;
			sourceTree = "<group>";
		};
		E3879D901C58763000424389 /* Libraries */ = {
			isa = PBXGroup;
			children = (
				E3A92A6E1C60755C002B72FB /* AFDateExtension.swift */,
				E3A92A6F1C60755C002B72FB /* XCGLogger.swift */,
			);
			name = Libraries;
			sourceTree = "<group>";
		};
		E3879D911C58767C00424389 /* View Controllers */ = {
			isa = PBXGroup;
			children = (
				E3AC7C5B1C4E34CA00606DA1 /* ViewController.swift */,
				E3581ECB1C528FC9006C8D78 /* CalenderViewController.swift */,
				E3581EC91C524AE1006C8D78 /* AgendaViewController.swift */,
				E3A92A721C60C19E002B72FB /* CollectionLayout.swift */,
				E39D90531C569B490030E875 /* OptionsViewController.swift */,
			);
			name = "View Controllers";
			sourceTree = "<group>";
		};
		E3879D921C58769E00424389 /* SubClasses */ = {
			isa = PBXGroup;
			children = (
				E3879D8C1C57F69900424389 /* TableCellView.swift */,
				E3AC7CA01C4F914100606DA1 /* CollectionViewCells.swift */,
			);
			name = SubClasses;
			sourceTree = "<group>";
		};
		E3AC7C4D1C4E34CA00606DA1 = {
			isa = PBXGroup;
			children = (
				E3AC7C581C4E34CA00606DA1 /* Moon */,
				E3AC7C571C4E34CA00606DA1 /* Products */,
			);
			sourceTree = "<group>";
		};
		E3AC7C571C4E34CA00606DA1 /* Products */ = {
			isa = PBXGroup;
			children = (
				E3AC7C561C4E34CA00606DA1 /* Moon.app */,
			);
			name = Products;
			sourceTree = "<group>";
		};
		E3AC7C581C4E34CA00606DA1 /* Moon */ = {
			isa = PBXGroup;
			children = (
				E3AC7C5D1C4E34CA00606DA1 /* Main.storyboard */,
				E3AC7C591C4E34CA00606DA1 /* AppDelegate.swift */,
				E3879D931C587B6C00424389 /* Logger.swift */,
				E3879D911C58767C00424389 /* View Controllers */,
				E3879D921C58769E00424389 /* SubClasses */,
				E3581EA81C5231F9006C8D78 /* Extensions */,
				E3879D901C58763000424389 /* Libraries */,
				E3AC7C631C4E34CA00606DA1 /* Assets.xcassets */,
				E3AC7CAA1C4F9DFA00606DA1 /* Meta */,
				E3AC7C651C4E34CA00606DA1 /* LaunchScreen.storyboard */,
				E3AC7C681C4E34CA00606DA1 /* Info.plist */,
			);
			path = Moon;
			sourceTree = "<group>";
		};
		E3AC7CAA1C4F9DFA00606DA1 /* Meta */ = {
			isa = PBXGroup;
			children = (
				E39D90581C575B210030E875 /* screenshot1.PNG */,
				E39D90591C575B210030E875 /* screenshot2.png */,
				E39D90511C5692E80030E875 /* README.md */,
			);
			name = Meta;
			sourceTree = "<group>";
		};
/* End PBXGroup section */

/* Begin PBXNativeTarget section */
		E3AC7C551C4E34CA00606DA1 /* Moon */ = {
			isa = PBXNativeTarget;
			buildConfigurationList = E3AC7C6B1C4E34CA00606DA1 /* Build configuration list for PBXNativeTarget "Moon" */;
			buildPhases = (
				E3AC7C521C4E34CA00606DA1 /* Sources */,
				E3AC7C531C4E34CA00606DA1 /* Frameworks */,
				E3AC7C541C4E34CA00606DA1 /* Resources */,
			);
			buildRules = (
			);
			dependencies = (
			);
			name = Moon;
			productName = Moon;
			productReference = E3AC7C561C4E34CA00606DA1 /* Moon.app */;
			productType = "com.apple.product-type.application";
		};
/* End PBXNativeTarget section */

/* Begin PBXProject section */
		E3AC7C4E1C4E34CA00606DA1 /* Project object */ = {
			isa = PBXProject;
			attributes = {
				LastSwiftUpdateCheck = 0720;
				LastUpgradeCheck = 0720;
				ORGANIZATIONNAME = "Kaunteya Suryawanshi";
				TargetAttributes = {
					E3AC7C551C4E34CA00606DA1 = {
						CreatedOnToolsVersion = 7.2;
					};
				};
			};
			buildConfigurationList = E3AC7C511C4E34CA00606DA1 /* Build configuration list for PBXProject "Moon" */;
			compatibilityVersion = "Xcode 3.2";
			developmentRegion = English;
			hasScannedForEncodings = 0;
			knownRegions = (
				en,
				Base,
			);
			mainGroup = E3AC7C4D1C4E34CA00606DA1;
			productRefGroup = E3AC7C571C4E34CA00606DA1 /* Products */;
			projectDirPath = "";
			projectRoot = "";
			targets = (
				E3AC7C551C4E34CA00606DA1 /* Moon */,
			);
		};
/* End PBXProject section */

/* Begin PBXResourcesBuildPhase section */
		E3AC7C541C4E34CA00606DA1 /* Resources */ = {
			isa = PBXResourcesBuildPhase;
			buildActionMask = 2147483647;
			files = (
				E3AC7C671C4E34CA00606DA1 /* LaunchScreen.storyboard in Resources */,
				E3AC7C641C4E34CA00606DA1 /* Assets.xcassets in Resources */,
				E3AC7C5F1C4E34CA00606DA1 /* Main.storyboard in Resources */,
			);
			runOnlyForDeploymentPostprocessing = 0;
		};
/* End PBXResourcesBuildPhase section */

/* Begin PBXSourcesBuildPhase section */
		E3AC7C521C4E34CA00606DA1 /* Sources */ = {
			isa = PBXSourcesBuildPhase;
			buildActionMask = 2147483647;
			files = (
				E3A92A701C60755C002B72FB /* AFDateExtension.swift in Sources */,
				E3AC7C5C1C4E34CA00606DA1 /* ViewController.swift in Sources */,
				E39D90541C569B490030E875 /* OptionsViewController.swift in Sources */,
				E3AC7CAC1C4FBD5F00606DA1 /* Color.swift in Sources */,
				E3581ECA1C524AE1006C8D78 /* AgendaViewController.swift in Sources */,
				E3A92A731C60C19E002B72FB /* CollectionLayout.swift in Sources */,
				E3581EA71C521312006C8D78 /* Date.swift in Sources */,
				E3581ECC1C528FC9006C8D78 /* CalenderViewController.swift in Sources */,
				E3AC7C5A1C4E34CA00606DA1 /* AppDelegate.swift in Sources */,
				E3A92A711C60755C002B72FB /* XCGLogger.swift in Sources */,
				E3879D941C587B6C00424389 /* Logger.swift in Sources */,
				E3879D8D1C57F69900424389 /* TableCellView.swift in Sources */,
				E3AC7CA11C4F914100606DA1 /* CollectionViewCells.swift in Sources */,
			);
			runOnlyForDeploymentPostprocessing = 0;
		};
/* End PBXSourcesBuildPhase section */

/* Begin PBXVariantGroup section */
		E3AC7C5D1C4E34CA00606DA1 /* Main.storyboard */ = {
			isa = PBXVariantGroup;
			children = (
				E3AC7C5E1C4E34CA00606DA1 /* Base */,
			);
			name = Main.storyboard;
			sourceTree = "<group>";
		};
		E3AC7C651C4E34CA00606DA1 /* LaunchScreen.storyboard */ = {
			isa = PBXVariantGroup;
			children = (
				E3AC7C661C4E34CA00606DA1 /* Base */,
			);
			name = LaunchScreen.storyboard;
			sourceTree = "<group>";
		};
/* End PBXVariantGroup section */

/* Begin XCBuildConfiguration section */
		E3AC7C691C4E34CA00606DA1 /* Debug */ = {
			isa = XCBuildConfiguration;
			buildSettings = {
				ALWAYS_SEARCH_USER_PATHS = NO;
				CLANG_CXX_LANGUAGE_STANDARD = "gnu++0x";
				CLANG_CXX_LIBRARY = "libc++";
				CLANG_ENABLE_MODULES = YES;
				CLANG_ENABLE_OBJC_ARC = YES;
				CLANG_WARN_BOOL_CONVERSION = YES;
				CLANG_WARN_CONSTANT_CONVERSION = YES;
				CLANG_WARN_DIRECT_OBJC_ISA_USAGE = YES_ERROR;
				CLANG_WARN_EMPTY_BODY = YES;
				CLANG_WARN_ENUM_CONVERSION = YES;
				CLANG_WARN_INT_CONVERSION = YES;
				CLANG_WARN_OBJC_ROOT_CLASS = YES_ERROR;
				CLANG_WARN_UNREACHABLE_CODE = YES;
				CLANG_WARN__DUPLICATE_METHOD_MATCH = YES;
				"CODE_SIGN_IDENTITY[sdk=iphoneos*]" = "iPhone Developer";
				COPY_PHASE_STRIP = NO;
				DEBUG_INFORMATION_FORMAT = dwarf;
				ENABLE_STRICT_OBJC_MSGSEND = YES;
				ENABLE_TESTABILITY = YES;
				GCC_C_LANGUAGE_STANDARD = gnu99;
				GCC_DYNAMIC_NO_PIC = NO;
				GCC_NO_COMMON_BLOCKS = YES;
				GCC_OPTIMIZATION_LEVEL = 0;
				GCC_PREPROCESSOR_DEFINITIONS = (
					"DEBUG=1",
					"$(inherited)",
				);
				GCC_WARN_64_TO_32_BIT_CONVERSION = YES;
				GCC_WARN_ABOUT_RETURN_TYPE = YES_ERROR;
				GCC_WARN_UNDECLARED_SELECTOR = YES;
				GCC_WARN_UNINITIALIZED_AUTOS = YES_AGGRESSIVE;
				GCC_WARN_UNUSED_FUNCTION = YES;
				GCC_WARN_UNUSED_VARIABLE = YES;
				IPHONEOS_DEPLOYMENT_TARGET = 9.2;
				MTL_ENABLE_DEBUG_INFO = YES;
				ONLY_ACTIVE_ARCH = YES;
				SDKROOT = iphoneos;
				SWIFT_OPTIMIZATION_LEVEL = "-Onone";
			};
			name = Debug;
		};
		E3AC7C6A1C4E34CA00606DA1 /* Release */ = {
			isa = XCBuildConfiguration;
			buildSettings = {
				ALWAYS_SEARCH_USER_PATHS = NO;
				CLANG_CXX_LANGUAGE_STANDARD = "gnu++0x";
				CLANG_CXX_LIBRARY = "libc++";
				CLANG_ENABLE_MODULES = YES;
				CLANG_ENABLE_OBJC_ARC = YES;
				CLANG_WARN_BOOL_CONVERSION = YES;
				CLANG_WARN_CONSTANT_CONVERSION = YES;
				CLANG_WARN_DIRECT_OBJC_ISA_USAGE = YES_ERROR;
				CLANG_WARN_EMPTY_BODY = YES;
				CLANG_WARN_ENUM_CONVERSION = YES;
				CLANG_WARN_INT_CONVERSION = YES;
				CLANG_WARN_OBJC_ROOT_CLASS = YES_ERROR;
				CLANG_WARN_UNREACHABLE_CODE = YES;
				CLANG_WARN__DUPLICATE_METHOD_MATCH = YES;
				"CODE_SIGN_IDENTITY[sdk=iphoneos*]" = "iPhone Developer";
				COPY_PHASE_STRIP = NO;
				DEBUG_INFORMATION_FORMAT = "dwarf-with-dsym";
				ENABLE_NS_ASSERTIONS = NO;
				ENABLE_STRICT_OBJC_MSGSEND = YES;
				GCC_C_LANGUAGE_STANDARD = gnu99;
				GCC_NO_COMMON_BLOCKS = YES;
				GCC_WARN_64_TO_32_BIT_CONVERSION = YES;
				GCC_WARN_ABOUT_RETURN_TYPE = YES_ERROR;
				GCC_WARN_UNDECLARED_SELECTOR = YES;
				GCC_WARN_UNINITIALIZED_AUTOS = YES_AGGRESSIVE;
				GCC_WARN_UNUSED_FUNCTION = YES;
				GCC_WARN_UNUSED_VARIABLE = YES;
				IPHONEOS_DEPLOYMENT_TARGET = 9.2;
				MTL_ENABLE_DEBUG_INFO = NO;
				SDKROOT = iphoneos;
				VALIDATE_PRODUCT = YES;
			};
			name = Release;
		};
		E3AC7C6C1C4E34CA00606DA1 /* Debug */ = {
			isa = XCBuildConfiguration;
			buildSettings = {
				ASSETCATALOG_COMPILER_APPICON_NAME = AppIcon;
				INFOPLIST_FILE = Moon/Info.plist;
				LD_RUNPATH_SEARCH_PATHS = "$(inherited) @executable_path/Frameworks";
				PRODUCT_BUNDLE_IDENTIFIER = com.kaunteya.Moon;
				PRODUCT_NAME = "$(TARGET_NAME)";
			};
			name = Debug;
		};
		E3AC7C6D1C4E34CA00606DA1 /* Release */ = {
			isa = XCBuildConfiguration;
			buildSettings = {
				ASSETCATALOG_COMPILER_APPICON_NAME = AppIcon;
				INFOPLIST_FILE = Moon/Info.plist;
				LD_RUNPATH_SEARCH_PATHS = "$(inherited) @executable_path/Frameworks";
				PRODUCT_BUNDLE_IDENTIFIER = com.kaunteya.Moon;
				PRODUCT_NAME = "$(TARGET_NAME)";
			};
			name = Release;
		};
/* End XCBuildConfiguration section */

/* Begin XCConfigurationList section */
		E3AC7C511C4E34CA00606DA1 /* Build configuration list for PBXProject "Moon" */ = {
			isa = XCConfigurationList;
			buildConfigurations = (
				E3AC7C691C4E34CA00606DA1 /* Debug */,
				E3AC7C6A1C4E34CA00606DA1 /* Release */,
			);
			defaultConfigurationIsVisible = 0;
			defaultConfigurationName = Release;
		};
		E3AC7C6B1C4E34CA00606DA1 /* Build configuration list for PBXNativeTarget "Moon" */ = {
			isa = XCConfigurationList;
			buildConfigurations = (
				E3AC7C6C1C4E34CA00606DA1 /* Debug */,
				E3AC7C6D1C4E34CA00606DA1 /* Release */,
			);
			defaultConfigurationIsVisible = 0;
			defaultConfigurationName = Release;
		};
/* End XCConfigurationList section */
	};
	rootObject = E3AC7C4E1C4E34CA00606DA1 /* Project object */;
}
